
Microsoft Visual Studio Solution File, Format Version 12.00
# Visual Studio Version 17
VisualStudioVersion = 17.7.34302.85
MinimumVisualStudioVersion = 10.0.40219.1
Project("{FAE04EC0-301F-11D3-BF4B-00C04F79EFBC}") = "PosTech.Cliente.Api", "PosTech.Cliente.Api\PosTech.Cliente.Api.csproj", "{6BD7FED0-D97A-4534-9C42-109C2818B187}"
EndProject
Project("{2150E333-8FDC-42A3-9474-1A3956D46DE8}") = "API", "API", "{CBE27717-1D6D-446A-925B-A3B396DF50EA}"
EndProject
Project("{2150E333-8FDC-42A3-9474-1A3956D46DE8}") = "Controller", "Controller", "{A2EF5D82-D929-47C4-ACBE-CD57631F6F11}"
EndProject
Project("{2150E333-8FDC-42A3-9474-1A3956D46DE8}") = "Entity", "Entity", "{5950DCF3-42D1-4B4A-9198-B323034675A6}"
EndProject
Project("{2150E333-8FDC-42A3-9474-1A3956D46DE8}") = "Gateway", "Gateway", "{B0DB3E01-F099-48D4-83B3-86133D2033D3}"
EndProject
Project("{2150E333-8FDC-42A3-9474-1A3956D46DE8}") = "Interface", "Interface", "{A8B32FE1-6BEA-4606-A1BC-E34B0504F633}"
EndProject
Project("{2150E333-8FDC-42A3-9474-1A3956D46DE8}") = "Presenter", "Presenter", "{CCD289E8-8474-4A68-A2C0-847E7D9EA5B9}"
EndProject
Project("{2150E333-8FDC-42A3-9474-1A3956D46DE8}") = "UseCase", "UseCase", "{AF55553A-6F39-4DB7-BDEF-B0CC3852F373}"
EndProject
Project("{2150E333-8FDC-42A3-9474-1A3956D46DE8}") = "Cliente", "Cliente", "{CB0BBD4A-CDA4-434D-A5E3-F265DB4EA10E}"
EndProject
Project("{2150E333-8FDC-42A3-9474-1A3956D46DE8}") = "PortFolio", "PortFolio", "{31AB487C-AD4C-4729-9CC9-945EFCABEDB0}"
EndProject
Project("{2150E333-8FDC-42A3-9474-1A3956D46DE8}") = "API", "API", "{79044D11-842C-43E2-B204-2FC7C7C97ECD}"
EndProject
Project("{FAE04EC0-301F-11D3-BF4B-00C04F79EFBC}") = "PosTech.Cliente.UseCases", "PosTech.Cliente.UseCase\PosTech.Cliente.UseCases.csproj", "{970F2127-1C12-474A-B6B4-BFC329465DD4}"
EndProject
Project("{FAE04EC0-301F-11D3-BF4B-00C04F79EFBC}") = "PostTech.Cliente.Entities", "PostTech.Client.Entities\PostTech.Cliente.Entities.csproj", "{035C398A-BDA7-4E00-BC2F-E970E45CC436}"
EndProject
Project("{FAE04EC0-301F-11D3-BF4B-00C04F79EFBC}") = "PosTech.Cliente.Gateways", "PosTech.Cliente.Gateways\PosTech.Cliente.Gateways.csproj", "{B84808F9-9EE3-4232-8E12-226EDBC5B532}"
EndProject
Project("{FAE04EC0-301F-11D3-BF4B-00C04F79EFBC}") = "PosTech.Cliente.Interfaces", "PosTech.Cliente.Interfaces\PosTech.Cliente.Interfaces.csproj", "{4614FF5F-EAF1-4499-8AAE-4C7FB821DB10}"
EndProject
Project("{FAE04EC0-301F-11D3-BF4B-00C04F79EFBC}") = "PosTech.Cliente.Controllers", "PosTech.Cliente.Controllers\PosTech.Cliente.Controllers.csproj", "{0B61574F-842A-4007-A6FB-89C9155E5391}"
EndProject
Project("{FAE04EC0-301F-11D3-BF4B-00C04F79EFBC}") = "PosTech.PortFolio.Api", "PosTech.PortFolio.Api\PosTech.PortFolio.Api.csproj", "{C6834668-3563-48BF-9793-7C550D86DF8A}"
EndProject
Project("{2150E333-8FDC-42A3-9474-1A3956D46DE8}") = "Controller", "Controller", "{B69F1963-DEBE-4844-AAEA-42EF64625C04}"
EndProject
Project("{2150E333-8FDC-42A3-9474-1A3956D46DE8}") = "Entity", "Entity", "{C0667794-7DEA-48B8-B382-2F1934A59C7D}"
EndProject
Project("{2150E333-8FDC-42A3-9474-1A3956D46DE8}") = "Gateway", "Gateway", "{7EC371B4-1A9D-4449-9269-C063758E640E}"
EndProject
Project("{2150E333-8FDC-42A3-9474-1A3956D46DE8}") = "Interface", "Interface", "{2F5BD86C-01E4-40C5-AE8B-9CA4DD0109C5}"
EndProject
Project("{2150E333-8FDC-42A3-9474-1A3956D46DE8}") = "UseCase", "UseCase", "{552DDCC8-B636-40DE-8146-2C05B17335D7}"
EndProject
Project("{FAE04EC0-301F-11D3-BF4B-00C04F79EFBC}") = "PosTech.PortFolio.Controllers", "PosTech.PortFolio.Controllers\PosTech.PortFolio.Controllers.csproj", "{FF85353B-E52D-4228-A13F-0183834EB0B5}"
EndProject
Project("{FAE04EC0-301F-11D3-BF4B-00C04F79EFBC}") = "PosTech.PortFolio.Entities", "PosTech.PortFolio.Entities\PosTech.PortFolio.Entities.csproj", "{CECCDD71-730D-41B0-B0F0-2CA4CA80AFFA}"
EndProject
Project("{FAE04EC0-301F-11D3-BF4B-00C04F79EFBC}") = "PosTech.PortFolio.Gateways", "PosTech.PortFolio.Gateways\PosTech.PortFolio.Gateways.csproj", "{6A053721-03A2-444C-B1C8-46E0AE230F26}"
EndProject
Project("{FAE04EC0-301F-11D3-BF4B-00C04F79EFBC}") = "PosTech.PortFolio.Interfaces", "PosTech.PortFolio.Interfaces\PosTech.PortFolio.Interfaces.csproj", "{283D6AC4-BC0E-4988-AC91-FAE9D0A53454}"
EndProject
Project("{FAE04EC0-301F-11D3-BF4B-00C04F79EFBC}") = "PosTech.PortFolio.UseCases", "PosTech.PortFolio.UseCases\PosTech.PortFolio.UseCases.csproj", "{A5E04F40-76AC-4E18-B3ED-D614BADB5F5E}"
EndProject
Project("{2150E333-8FDC-42A3-9474-1A3956D46DE8}") = "Infrastructure", "Infrastructure", "{2EF62C86-7AF9-4236-8D4B-DB7DB2719DE0}"
EndProject
Project("{FAE04EC0-301F-11D3-BF4B-00C04F79EFBC}") = "PosTech.Cliente.Repository.NoSql", "PosTech.Cliente.Repository.NoSql\PosTech.Cliente.Repository.NoSql.csproj", "{516F0311-C96D-41BA-B9AC-EB5459B5ED76}"
EndProject
Project("{2150E333-8FDC-42A3-9474-1A3956D46DE8}") = "Infrastructure", "Infrastructure", "{041E006F-4C1A-414D-B75D-505C4E9C867F}"
EndProject
Project("{FAE04EC0-301F-11D3-BF4B-00C04F79EFBC}") = "PosTech.PortFolio.Repository.NoSql", "PosTech.PortFolio.Repository.NoSql\PosTech.PortFolio.Repository.NoSql.csproj", "{7247F160-D99B-4BCF-8A6B-99879E0C1ED2}"
EndProject
Project("{FAE04EC0-301F-11D3-BF4B-00C04F79EFBC}") = "PosTech.Cliente.DAO", "PosTech.Cliente.DAO\PosTech.Cliente.DAO.csproj", "{D95F366B-AA55-45BB-83D2-D62D2BA789D2}"
EndProject
Project("{2150E333-8FDC-42A3-9474-1A3956D46DE8}") = "Shared", "Shared", "{B426DB27-0DCD-4040-AD8F-DD59F4F4AF10}"
EndProject
Project("{FAE04EC0-301F-11D3-BF4B-00C04F79EFBC}") = "PosTech.TechChallenge.Shared", "PosTech.TechChallenge.Shared\PosTech.TechChallenge.Shared.csproj", "{3C4088B1-9E6B-4D00-ABFC-54DD26627B61}"
EndProject
Project("{FAE04EC0-301F-11D3-BF4B-00C04F79EFBC}") = "PosTech.Cliente.Messages", "PosTech.Cliente.Messages\PosTech.Cliente.Messages.csproj", "{1C5A55BC-C934-45CC-B51D-870540A103C0}"
EndProject
Project("{2150E333-8FDC-42A3-9474-1A3956D46DE8}") = "Presenter", "Presenter", "{475FB130-100F-40EE-9040-F66919C69374}"
EndProject
Project("{FAE04EC0-301F-11D3-BF4B-00C04F79EFBC}") = "PosTech.PortFolio.DAO", "PosTech.Portfolio.Dao\PosTech.PortFolio.DAO.csproj", "{5CD430C8-7662-4C5E-B02F-43045F921B75}"
EndProject
Project("{FAE04EC0-301F-11D3-BF4B-00C04F79EFBC}") = "PosTech.PortFolio.Messages", "PosTech.PortFolio.Messages\PosTech.PortFolio.Messages.csproj", "{D638334A-B3EC-415B-AFDD-6BA1E5873A0C}"
EndProject
Global
	GlobalSection(SolutionConfigurationPlatforms) = preSolution
		Debug|Any CPU = Debug|Any CPU
		Release|Any CPU = Release|Any CPU
	EndGlobalSection
	GlobalSection(ProjectConfigurationPlatforms) = postSolution
		{6BD7FED0-D97A-4534-9C42-109C2818B187}.Debug|Any CPU.ActiveCfg = Debug|Any CPU
		{6BD7FED0-D97A-4534-9C42-109C2818B187}.Debug|Any CPU.Build.0 = Debug|Any CPU
		{6BD7FED0-D97A-4534-9C42-109C2818B187}.Release|Any CPU.ActiveCfg = Release|Any CPU
		{6BD7FED0-D97A-4534-9C42-109C2818B187}.Release|Any CPU.Build.0 = Release|Any CPU
		{970F2127-1C12-474A-B6B4-BFC329465DD4}.Debug|Any CPU.ActiveCfg = Debug|Any CPU
		{970F2127-1C12-474A-B6B4-BFC329465DD4}.Debug|Any CPU.Build.0 = Debug|Any CPU
		{970F2127-1C12-474A-B6B4-BFC329465DD4}.Release|Any CPU.ActiveCfg = Release|Any CPU
		{970F2127-1C12-474A-B6B4-BFC329465DD4}.Release|Any CPU.Build.0 = Release|Any CPU
		{035C398A-BDA7-4E00-BC2F-E970E45CC436}.Debug|Any CPU.ActiveCfg = Debug|Any CPU
		{035C398A-BDA7-4E00-BC2F-E970E45CC436}.Debug|Any CPU.Build.0 = Debug|Any CPU
		{035C398A-BDA7-4E00-BC2F-E970E45CC436}.Release|Any CPU.ActiveCfg = Release|Any CPU
		{035C398A-BDA7-4E00-BC2F-E970E45CC436}.Release|Any CPU.Build.0 = Release|Any CPU
		{B84808F9-9EE3-4232-8E12-226EDBC5B532}.Debug|Any CPU.ActiveCfg = Debug|Any CPU
		{B84808F9-9EE3-4232-8E12-226EDBC5B532}.Debug|Any CPU.Build.0 = Debug|Any CPU
		{B84808F9-9EE3-4232-8E12-226EDBC5B532}.Release|Any CPU.ActiveCfg = Release|Any CPU
		{B84808F9-9EE3-4232-8E12-226EDBC5B532}.Release|Any CPU.Build.0 = Release|Any CPU
		{4614FF5F-EAF1-4499-8AAE-4C7FB821DB10}.Debug|Any CPU.ActiveCfg = Debug|Any CPU
		{4614FF5F-EAF1-4499-8AAE-4C7FB821DB10}.Debug|Any CPU.Build.0 = Debug|Any CPU
		{4614FF5F-EAF1-4499-8AAE-4C7FB821DB10}.Release|Any CPU.ActiveCfg = Release|Any CPU
		{4614FF5F-EAF1-4499-8AAE-4C7FB821DB10}.Release|Any CPU.Build.0 = Release|Any CPU
		{0B61574F-842A-4007-A6FB-89C9155E5391}.Debug|Any CPU.ActiveCfg = Debug|Any CPU
		{0B61574F-842A-4007-A6FB-89C9155E5391}.Debug|Any CPU.Build.0 = Debug|Any CPU
		{0B61574F-842A-4007-A6FB-89C9155E5391}.Release|Any CPU.ActiveCfg = Release|Any CPU
		{0B61574F-842A-4007-A6FB-89C9155E5391}.Release|Any CPU.Build.0 = Release|Any CPU
		{C6834668-3563-48BF-9793-7C550D86DF8A}.Debug|Any CPU.ActiveCfg = Debug|Any CPU
		{C6834668-3563-48BF-9793-7C550D86DF8A}.Debug|Any CPU.Build.0 = Debug|Any CPU
		{C6834668-3563-48BF-9793-7C550D86DF8A}.Release|Any CPU.ActiveCfg = Release|Any CPU
		{C6834668-3563-48BF-9793-7C550D86DF8A}.Release|Any CPU.Build.0 = Release|Any CPU
		{FF85353B-E52D-4228-A13F-0183834EB0B5}.Debug|Any CPU.ActiveCfg = Debug|Any CPU
		{FF85353B-E52D-4228-A13F-0183834EB0B5}.Debug|Any CPU.Build.0 = Debug|Any CPU
		{FF85353B-E52D-4228-A13F-0183834EB0B5}.Release|Any CPU.ActiveCfg = Release|Any CPU
		{FF85353B-E52D-4228-A13F-0183834EB0B5}.Release|Any CPU.Build.0 = Release|Any CPU
		{CECCDD71-730D-41B0-B0F0-2CA4CA80AFFA}.Debug|Any CPU.ActiveCfg = Debug|Any CPU
		{CECCDD71-730D-41B0-B0F0-2CA4CA80AFFA}.Debug|Any CPU.Build.0 = Debug|Any CPU
		{CECCDD71-730D-41B0-B0F0-2CA4CA80AFFA}.Release|Any CPU.ActiveCfg = Release|Any CPU
		{CECCDD71-730D-41B0-B0F0-2CA4CA80AFFA}.Release|Any CPU.Build.0 = Release|Any CPU
		{6A053721-03A2-444C-B1C8-46E0AE230F26}.Debug|Any CPU.ActiveCfg = Debug|Any CPU
		{6A053721-03A2-444C-B1C8-46E0AE230F26}.Debug|Any CPU.Build.0 = Debug|Any CPU
		{6A053721-03A2-444C-B1C8-46E0AE230F26}.Release|Any CPU.ActiveCfg = Release|Any CPU
		{6A053721-03A2-444C-B1C8-46E0AE230F26}.Release|Any CPU.Build.0 = Release|Any CPU
		{283D6AC4-BC0E-4988-AC91-FAE9D0A53454}.Debug|Any CPU.ActiveCfg = Debug|Any CPU
		{283D6AC4-BC0E-4988-AC91-FAE9D0A53454}.Debug|Any CPU.Build.0 = Debug|Any CPU
		{283D6AC4-BC0E-4988-AC91-FAE9D0A53454}.Release|Any CPU.ActiveCfg = Release|Any CPU
		{283D6AC4-BC0E-4988-AC91-FAE9D0A53454}.Release|Any CPU.Build.0 = Release|Any CPU
		{A5E04F40-76AC-4E18-B3ED-D614BADB5F5E}.Debug|Any CPU.ActiveCfg = Debug|Any CPU
		{A5E04F40-76AC-4E18-B3ED-D614BADB5F5E}.Debug|Any CPU.Build.0 = Debug|Any CPU
		{A5E04F40-76AC-4E18-B3ED-D614BADB5F5E}.Release|Any CPU.ActiveCfg = Release|Any CPU
		{A5E04F40-76AC-4E18-B3ED-D614BADB5F5E}.Release|Any CPU.Build.0 = Release|Any CPU
		{516F0311-C96D-41BA-B9AC-EB5459B5ED76}.Debug|Any CPU.ActiveCfg = Debug|Any CPU
		{516F0311-C96D-41BA-B9AC-EB5459B5ED76}.Debug|Any CPU.Build.0 = Debug|Any CPU
		{516F0311-C96D-41BA-B9AC-EB5459B5ED76}.Release|Any CPU.ActiveCfg = Release|Any CPU
		{516F0311-C96D-41BA-B9AC-EB5459B5ED76}.Release|Any CPU.Build.0 = Release|Any CPU
		{7247F160-D99B-4BCF-8A6B-99879E0C1ED2}.Debug|Any CPU.ActiveCfg = Debug|Any CPU
		{7247F160-D99B-4BCF-8A6B-99879E0C1ED2}.Debug|Any CPU.Build.0 = Debug|Any CPU
		{7247F160-D99B-4BCF-8A6B-99879E0C1ED2}.Release|Any CPU.ActiveCfg = Release|Any CPU
		{7247F160-D99B-4BCF-8A6B-99879E0C1ED2}.Release|Any CPU.Build.0 = Release|Any CPU
		{D95F366B-AA55-45BB-83D2-D62D2BA789D2}.Debug|Any CPU.ActiveCfg = Debug|Any CPU
		{D95F366B-AA55-45BB-83D2-D62D2BA789D2}.Debug|Any CPU.Build.0 = Debug|Any CPU
		{D95F366B-AA55-45BB-83D2-D62D2BA789D2}.Release|Any CPU.ActiveCfg = Release|Any CPU
		{D95F366B-AA55-45BB-83D2-D62D2BA789D2}.Release|Any CPU.Build.0 = Release|Any CPU
		{3C4088B1-9E6B-4D00-ABFC-54DD26627B61}.Debug|Any CPU.ActiveCfg = Debug|Any CPU
		{3C4088B1-9E6B-4D00-ABFC-54DD26627B61}.Debug|Any CPU.Build.0 = Debug|Any CPU
		{3C4088B1-9E6B-4D00-ABFC-54DD26627B61}.Release|Any CPU.ActiveCfg = Release|Any CPU
		{3C4088B1-9E6B-4D00-ABFC-54DD26627B61}.Release|Any CPU.Build.0 = Release|Any CPU
		{1C5A55BC-C934-45CC-B51D-870540A103C0}.Debug|Any CPU.ActiveCfg = Debug|Any CPU
		{1C5A55BC-C934-45CC-B51D-870540A103C0}.Debug|Any CPU.Build.0 = Debug|Any CPU
		{1C5A55BC-C934-45CC-B51D-870540A103C0}.Release|Any CPU.ActiveCfg = Release|Any CPU
		{1C5A55BC-C934-45CC-B51D-870540A103C0}.Release|Any CPU.Build.0 = Release|Any CPU
		{5CD430C8-7662-4C5E-B02F-43045F921B75}.Debug|Any CPU.ActiveCfg = Debug|Any CPU
		{5CD430C8-7662-4C5E-B02F-43045F921B75}.Debug|Any CPU.Build.0 = Debug|Any CPU
		{5CD430C8-7662-4C5E-B02F-43045F921B75}.Release|Any CPU.ActiveCfg = Release|Any CPU
		{5CD430C8-7662-4C5E-B02F-43045F921B75}.Release|Any CPU.Build.0 = Release|Any CPU
		{D638334A-B3EC-415B-AFDD-6BA1E5873A0C}.Debug|Any CPU.ActiveCfg = Debug|Any CPU
		{D638334A-B3EC-415B-AFDD-6BA1E5873A0C}.Debug|Any CPU.Build.0 = Debug|Any CPU
		{D638334A-B3EC-415B-AFDD-6BA1E5873A0C}.Release|Any CPU.ActiveCfg = Release|Any CPU
		{D638334A-B3EC-415B-AFDD-6BA1E5873A0C}.Release|Any CPU.Build.0 = Release|Any CPU
	EndGlobalSection
	GlobalSection(SolutionProperties) = preSolution
		HideSolutionNode = FALSE
	EndGlobalSection
	GlobalSection(NestedProjects) = preSolution
		{6BD7FED0-D97A-4534-9C42-109C2818B187} = {CBE27717-1D6D-446A-925B-A3B396DF50EA}
		{CBE27717-1D6D-446A-925B-A3B396DF50EA} = {CB0BBD4A-CDA4-434D-A5E3-F265DB4EA10E}
		{A2EF5D82-D929-47C4-ACBE-CD57631F6F11} = {CB0BBD4A-CDA4-434D-A5E3-F265DB4EA10E}
		{5950DCF3-42D1-4B4A-9198-B323034675A6} = {CB0BBD4A-CDA4-434D-A5E3-F265DB4EA10E}
		{B0DB3E01-F099-48D4-83B3-86133D2033D3} = {CB0BBD4A-CDA4-434D-A5E3-F265DB4EA10E}
		{A8B32FE1-6BEA-4606-A1BC-E34B0504F633} = {CB0BBD4A-CDA4-434D-A5E3-F265DB4EA10E}
		{CCD289E8-8474-4A68-A2C0-847E7D9EA5B9} = {CB0BBD4A-CDA4-434D-A5E3-F265DB4EA10E}
		{AF55553A-6F39-4DB7-BDEF-B0CC3852F373} = {CB0BBD4A-CDA4-434D-A5E3-F265DB4EA10E}
		{79044D11-842C-43E2-B204-2FC7C7C97ECD} = {31AB487C-AD4C-4729-9CC9-945EFCABEDB0}
		{970F2127-1C12-474A-B6B4-BFC329465DD4} = {AF55553A-6F39-4DB7-BDEF-B0CC3852F373}
		{035C398A-BDA7-4E00-BC2F-E970E45CC436} = {5950DCF3-42D1-4B4A-9198-B323034675A6}
		{B84808F9-9EE3-4232-8E12-226EDBC5B532} = {B0DB3E01-F099-48D4-83B3-86133D2033D3}
		{4614FF5F-EAF1-4499-8AAE-4C7FB821DB10} = {A8B32FE1-6BEA-4606-A1BC-E34B0504F633}
		{0B61574F-842A-4007-A6FB-89C9155E5391} = {A2EF5D82-D929-47C4-ACBE-CD57631F6F11}
		{C6834668-3563-48BF-9793-7C550D86DF8A} = {79044D11-842C-43E2-B204-2FC7C7C97ECD}
		{B69F1963-DEBE-4844-AAEA-42EF64625C04} = {31AB487C-AD4C-4729-9CC9-945EFCABEDB0}
		{C0667794-7DEA-48B8-B382-2F1934A59C7D} = {31AB487C-AD4C-4729-9CC9-945EFCABEDB0}
		{7EC371B4-1A9D-4449-9269-C063758E640E} = {31AB487C-AD4C-4729-9CC9-945EFCABEDB0}
		{2F5BD86C-01E4-40C5-AE8B-9CA4DD0109C5} = {31AB487C-AD4C-4729-9CC9-945EFCABEDB0}
		{552DDCC8-B636-40DE-8146-2C05B17335D7} = {31AB487C-AD4C-4729-9CC9-945EFCABEDB0}
		{FF85353B-E52D-4228-A13F-0183834EB0B5} = {B69F1963-DEBE-4844-AAEA-42EF64625C04}
		{CECCDD71-730D-41B0-B0F0-2CA4CA80AFFA} = {C0667794-7DEA-48B8-B382-2F1934A59C7D}
		{6A053721-03A2-444C-B1C8-46E0AE230F26} = {7EC371B4-1A9D-4449-9269-C063758E640E}
		{283D6AC4-BC0E-4988-AC91-FAE9D0A53454} = {2F5BD86C-01E4-40C5-AE8B-9CA4DD0109C5}
		{A5E04F40-76AC-4E18-B3ED-D614BADB5F5E} = {552DDCC8-B636-40DE-8146-2C05B17335D7}
		{2EF62C86-7AF9-4236-8D4B-DB7DB2719DE0} = {CB0BBD4A-CDA4-434D-A5E3-F265DB4EA10E}
		{516F0311-C96D-41BA-B9AC-EB5459B5ED76} = {2EF62C86-7AF9-4236-8D4B-DB7DB2719DE0}
		{041E006F-4C1A-414D-B75D-505C4E9C867F} = {31AB487C-AD4C-4729-9CC9-945EFCABEDB0}
		{7247F160-D99B-4BCF-8A6B-99879E0C1ED2} = {041E006F-4C1A-414D-B75D-505C4E9C867F}
		{D95F366B-AA55-45BB-83D2-D62D2BA789D2} = {CCD289E8-8474-4A68-A2C0-847E7D9EA5B9}
		{3C4088B1-9E6B-4D00-ABFC-54DD26627B61} = {B426DB27-0DCD-4040-AD8F-DD59F4F4AF10}
		{1C5A55BC-C934-45CC-B51D-870540A103C0} = {CCD289E8-8474-4A68-A2C0-847E7D9EA5B9}
		{475FB130-100F-40EE-9040-F66919C69374} = {31AB487C-AD4C-4729-9CC9-945EFCABEDB0}
		{5CD430C8-7662-4C5E-B02F-43045F921B75} = {475FB130-100F-40EE-9040-F66919C69374}
		{D638334A-B3EC-415B-AFDD-6BA1E5873A0C} = {475FB130-100F-40EE-9040-F66919C69374}
	EndGlobalSection
	GlobalSection(ExtensibilityGlobals) = postSolution
		SolutionGuid = {D9C716AC-59BB-4F94-9335-6CD3C57888BF}
	EndGlobalSection
EndGlobal
