
Microsoft Visual Studio Solution File, Format Version 12.00
# Visual Studio Version 17
VisualStudioVersion = 17.7.34302.85
MinimumVisualStudioVersion = 10.0.40219.1
Project("{2150E333-8FDC-42A3-9474-1A3956D46DE8}") = "PortFolio", "PortFolio", "{31AB487C-AD4C-4729-9CC9-945EFCABEDB0}"
EndProject
Project("{2150E333-8FDC-42A3-9474-1A3956D46DE8}") = "API", "API", "{79044D11-842C-43E2-B204-2FC7C7C97ECD}"
EndProject
Project("{9A19103F-16F7-4668-BE54-9A1E7A4F7556}") = "PosTech.PortFolio.Api", "PortFolio\API\PosTech.PortFolio.Api\PosTech.PortFolio.Api.csproj", "{C6834668-3563-48BF-9793-7C550D86DF8A}"
EndProject
Project("{2150E333-8FDC-42A3-9474-1A3956D46DE8}") = "Controller", "Controller", "{B69F1963-DEBE-4844-AAEA-42EF64625C04}"
EndProject
Project("{2150E333-8FDC-42A3-9474-1A3956D46DE8}") = "Entity", "Entity", "{C0667794-7DEA-48B8-B382-2F1934A59C7D}"
EndProject
Project("{2150E333-8FDC-42A3-9474-1A3956D46DE8}") = "Gateway", "Gateway", "{7EC371B4-1A9D-4449-9269-C063758E640E}"
EndProject
Project("{2150E333-8FDC-42A3-9474-1A3956D46DE8}") = "Interface", "Interface", "{2F5BD86C-01E4-40C5-AE8B-9CA4DD0109C5}"
EndProject
Project("{2150E333-8FDC-42A3-9474-1A3956D46DE8}") = "UseCase", "UseCase", "{552DDCC8-B636-40DE-8146-2C05B17335D7}"
EndProject
Project("{9A19103F-16F7-4668-BE54-9A1E7A4F7556}") = "PosTech.PortFolio.Controllers", "PortFolio\Controller\PosTech.PortFolio.Controllers\PosTech.PortFolio.Controllers.csproj", "{FF85353B-E52D-4228-A13F-0183834EB0B5}"
EndProject
Project("{9A19103F-16F7-4668-BE54-9A1E7A4F7556}") = "PosTech.PortFolio.Entities", "PortFolio\Entity\PosTech.PortFolio.Entities\PosTech.PortFolio.Entities.csproj", "{CECCDD71-730D-41B0-B0F0-2CA4CA80AFFA}"
EndProject
Project("{9A19103F-16F7-4668-BE54-9A1E7A4F7556}") = "PosTech.PortFolio.Gateways", "PortFolio\Gateway\PosTech.PortFolio.Gateways\PosTech.PortFolio.Gateways.csproj", "{6A053721-03A2-444C-B1C8-46E0AE230F26}"
EndProject
Project("{9A19103F-16F7-4668-BE54-9A1E7A4F7556}") = "PosTech.PortFolio.Interfaces", "PortFolio\Interface\PosTech.PortFolio.Interfaces\PosTech.PortFolio.Interfaces.csproj", "{283D6AC4-BC0E-4988-AC91-FAE9D0A53454}"
EndProject
Project("{9A19103F-16F7-4668-BE54-9A1E7A4F7556}") = "PosTech.PortFolio.UseCases", "PortFolio\UseCase\PosTech.PortFolio.UseCases\PosTech.PortFolio.UseCases.csproj", "{A5E04F40-76AC-4E18-B3ED-D614BADB5F5E}"
EndProject
Project("{2150E333-8FDC-42A3-9474-1A3956D46DE8}") = "Infrastructure", "Infrastructure", "{041E006F-4C1A-414D-B75D-505C4E9C867F}"
EndProject
Project("{2150E333-8FDC-42A3-9474-1A3956D46DE8}") = "Shared", "Shared", "{B426DB27-0DCD-4040-AD8F-DD59F4F4AF10}"
EndProject
Project("{9A19103F-16F7-4668-BE54-9A1E7A4F7556}") = "PosTech.TechChallenge.Shared", "Shared\PosTech.TechChallenge.Shared\PosTech.TechChallenge.Shared.csproj", "{3C4088B1-9E6B-4D00-ABFC-54DD26627B61}"
EndProject
Project("{2150E333-8FDC-42A3-9474-1A3956D46DE8}") = "Presenter", "Presenter", "{475FB130-100F-40EE-9040-F66919C69374}"
EndProject
Project("{9A19103F-16F7-4668-BE54-9A1E7A4F7556}") = "PosTech.PortFolio.DAO", "PortFolio\Presenter\PosTech.Portfolio.Dao\PosTech.PortFolio.DAO.csproj", "{5CD430C8-7662-4C5E-B02F-43045F921B75}"
EndProject
Project("{9A19103F-16F7-4668-BE54-9A1E7A4F7556}") = "PosTech.PortFolio.Messages", "PortFolio\Presenter\PosTech.PortFolio.Messages\PosTech.PortFolio.Messages.csproj", "{D638334A-B3EC-415B-AFDD-6BA1E5873A0C}"
EndProject
Project("{9A19103F-16F7-4668-BE54-9A1E7A4F7556}") = "PosTech.PortFolio.Repository.Sql", "PortFolio\Infrastructure\PosTech.PorfFolio.Repository.Sql\PosTech.PortFolio.Repository.Sql.csproj", "{6B301FA0-838B-4820-8468-947B4A565B01}"
EndProject
Project("{9A19103F-16F7-4668-BE54-9A1E7A4F7556}") = "PosTech.PortFolio.Adapter", "PosTech.PortFolio.Adapter\PosTech.PortFolio.Adapter.csproj", "{18DCA8E4-C685-4A4A-916F-13069DB79907}"
EndProject
Project("{2150E333-8FDC-42A3-9474-1A3956D46DE8}") = "Tests", "Tests", "{DD974675-3A48-4048-8E54-1CDE91CA60C8}"
EndProject
Project("{2150E333-8FDC-42A3-9474-1A3956D46DE8}") = "UnitTests", "UnitTests", "{D2DD6BA4-8A06-47DC-B89F-8774E40DE1AE}"
EndProject
Project("{9A19103F-16F7-4668-BE54-9A1E7A4F7556}") = "PosTech.PortFolio.Tests", "Tests\PosTech.PortFolio.Tests.csproj", "{0F61BCB3-66E9-4242-B1AA-DE85193F1AF7}"
EndProject
Project("{2150E333-8FDC-42A3-9474-1A3956D46DE8}") = "Shared", "Shared", "{931ECA61-E5AC-42D7-912E-83EFBAE129C8}"
EndProject
Project("{9A19103F-16F7-4668-BE54-9A1E7A4F7556}") = "PosTech.PortFolio.Assertion", "PosTech.PortFolio.Assertion\PosTech.PortFolio.Assertion.csproj", "{B333FE00-9413-4F56-8546-A5CF2465BEF5}"
EndProject
Project("{2150E333-8FDC-42A3-9474-1A3956D46DE8}") = "Web", "Web", "{F2D16A2F-B68C-4811-A2F5-63140AACF9E7}"
EndProject
Project("{9A19103F-16F7-4668-BE54-9A1E7A4F7556}") = "PosTech.PortFolio.Cliente.Api", "PosTech.PortFolio.Cliente.Api\PosTech.PortFolio.Cliente.Api.csproj", "{7B97DEE9-4006-446B-9564-A6725A943622}"
EndProject
Project("{9A19103F-16F7-4668-BE54-9A1E7A4F7556}") = "PosTech.PortFolioWeb.Server", "PosTech.PortFolioWeb\Server\PosTech.PortFolioWeb.Server.csproj", "{82A37D50-1B06-4D70-89F5-BE7E8BE7E21D}"
EndProject
Project("{9A19103F-16F7-4668-BE54-9A1E7A4F7556}") = "PosTech.PortFolioWeb.Client", "PosTech.PortFolioWeb\Client\PosTech.PortFolioWeb.Client.csproj", "{9FB10452-370A-40D2-9E6B-B3372797C663}"
EndProject
Project("{9A19103F-16F7-4668-BE54-9A1E7A4F7556}") = "PosTech.PortFolioWeb.Shared", "PosTech.PortFolioWeb\Shared\PosTech.PortFolioWeb.Shared.csproj", "{E79E7D5E-4B96-4406-972D-A73F3E0FF113}"
EndProject
Project("{2150E333-8FDC-42A3-9474-1A3956D46DE8}") = "Consumer", "Consumer", "{49F2AB76-8169-4758-BD7C-D044C458DF4F}"
EndProject
Project("{9A19103F-16F7-4668-BE54-9A1E7A4F7556}") = "PosTech.PortFolio.Transacao.Consumer", "PosTech.PortFolio.Transacao.Consumer\PosTech.PortFolio.Transacao.Consumer.csproj", "{26874F6E-F0AB-4EC6-AB2C-38A29A8FEADC}"
EndProject
Project("{FAE04EC0-301F-11D3-BF4B-00C04F79EFBC}") = "Postech.PortFolio.Ativo.Api", "PortFolio\API\Postech.PortFolio.Ativo.Api\Postech.PortFolio.Ativo.Api.csproj", "{72F8A6A2-2956-4B3B-B499-A85794565B17}"
EndProject
Project("{FAE04EC0-301F-11D3-BF4B-00C04F79EFBC}") = "PosTech.PortFolio.DatabaseTest", "DatabaseTest\PosTech.PortFolio.DatabaseTest.csproj", "{DFF6B3BE-97EA-48AA-8EA2-B29A154AF576}"
EndProject
Global
	GlobalSection(SolutionConfigurationPlatforms) = preSolution
		Debug|Any CPU = Debug|Any CPU
		Release|Any CPU = Release|Any CPU
	EndGlobalSection
	GlobalSection(ProjectConfigurationPlatforms) = postSolution
		{C6834668-3563-48BF-9793-7C550D86DF8A}.Debug|Any CPU.ActiveCfg = Debug|Any CPU
		{C6834668-3563-48BF-9793-7C550D86DF8A}.Debug|Any CPU.Build.0 = Debug|Any CPU
		{C6834668-3563-48BF-9793-7C550D86DF8A}.Release|Any CPU.ActiveCfg = Release|Any CPU
		{C6834668-3563-48BF-9793-7C550D86DF8A}.Release|Any CPU.Build.0 = Release|Any CPU
		{FF85353B-E52D-4228-A13F-0183834EB0B5}.Debug|Any CPU.ActiveCfg = Debug|Any CPU
		{FF85353B-E52D-4228-A13F-0183834EB0B5}.Debug|Any CPU.Build.0 = Debug|Any CPU
		{FF85353B-E52D-4228-A13F-0183834EB0B5}.Release|Any CPU.ActiveCfg = Release|Any CPU
		{FF85353B-E52D-4228-A13F-0183834EB0B5}.Release|Any CPU.Build.0 = Release|Any CPU
		{CECCDD71-730D-41B0-B0F0-2CA4CA80AFFA}.Debug|Any CPU.ActiveCfg = Debug|Any CPU
		{CECCDD71-730D-41B0-B0F0-2CA4CA80AFFA}.Debug|Any CPU.Build.0 = Debug|Any CPU
		{CECCDD71-730D-41B0-B0F0-2CA4CA80AFFA}.Release|Any CPU.ActiveCfg = Release|Any CPU
		{CECCDD71-730D-41B0-B0F0-2CA4CA80AFFA}.Release|Any CPU.Build.0 = Release|Any CPU
		{6A053721-03A2-444C-B1C8-46E0AE230F26}.Debug|Any CPU.ActiveCfg = Debug|Any CPU
		{6A053721-03A2-444C-B1C8-46E0AE230F26}.Debug|Any CPU.Build.0 = Debug|Any CPU
		{6A053721-03A2-444C-B1C8-46E0AE230F26}.Release|Any CPU.ActiveCfg = Release|Any CPU
		{6A053721-03A2-444C-B1C8-46E0AE230F26}.Release|Any CPU.Build.0 = Release|Any CPU
		{283D6AC4-BC0E-4988-AC91-FAE9D0A53454}.Debug|Any CPU.ActiveCfg = Debug|Any CPU
		{283D6AC4-BC0E-4988-AC91-FAE9D0A53454}.Debug|Any CPU.Build.0 = Debug|Any CPU
		{283D6AC4-BC0E-4988-AC91-FAE9D0A53454}.Release|Any CPU.ActiveCfg = Release|Any CPU
		{283D6AC4-BC0E-4988-AC91-FAE9D0A53454}.Release|Any CPU.Build.0 = Release|Any CPU
		{A5E04F40-76AC-4E18-B3ED-D614BADB5F5E}.Debug|Any CPU.ActiveCfg = Debug|Any CPU
		{A5E04F40-76AC-4E18-B3ED-D614BADB5F5E}.Debug|Any CPU.Build.0 = Debug|Any CPU
		{A5E04F40-76AC-4E18-B3ED-D614BADB5F5E}.Release|Any CPU.ActiveCfg = Release|Any CPU
		{A5E04F40-76AC-4E18-B3ED-D614BADB5F5E}.Release|Any CPU.Build.0 = Release|Any CPU
		{3C4088B1-9E6B-4D00-ABFC-54DD26627B61}.Debug|Any CPU.ActiveCfg = Debug|Any CPU
		{3C4088B1-9E6B-4D00-ABFC-54DD26627B61}.Debug|Any CPU.Build.0 = Debug|Any CPU
		{3C4088B1-9E6B-4D00-ABFC-54DD26627B61}.Release|Any CPU.ActiveCfg = Release|Any CPU
		{3C4088B1-9E6B-4D00-ABFC-54DD26627B61}.Release|Any CPU.Build.0 = Release|Any CPU
		{5CD430C8-7662-4C5E-B02F-43045F921B75}.Debug|Any CPU.ActiveCfg = Debug|Any CPU
		{5CD430C8-7662-4C5E-B02F-43045F921B75}.Debug|Any CPU.Build.0 = Debug|Any CPU
		{5CD430C8-7662-4C5E-B02F-43045F921B75}.Release|Any CPU.ActiveCfg = Release|Any CPU
		{5CD430C8-7662-4C5E-B02F-43045F921B75}.Release|Any CPU.Build.0 = Release|Any CPU
		{D638334A-B3EC-415B-AFDD-6BA1E5873A0C}.Debug|Any CPU.ActiveCfg = Debug|Any CPU
		{D638334A-B3EC-415B-AFDD-6BA1E5873A0C}.Debug|Any CPU.Build.0 = Debug|Any CPU
		{D638334A-B3EC-415B-AFDD-6BA1E5873A0C}.Release|Any CPU.ActiveCfg = Release|Any CPU
		{D638334A-B3EC-415B-AFDD-6BA1E5873A0C}.Release|Any CPU.Build.0 = Release|Any CPU
		{6B301FA0-838B-4820-8468-947B4A565B01}.Debug|Any CPU.ActiveCfg = Debug|Any CPU
		{6B301FA0-838B-4820-8468-947B4A565B01}.Debug|Any CPU.Build.0 = Debug|Any CPU
		{6B301FA0-838B-4820-8468-947B4A565B01}.Release|Any CPU.ActiveCfg = Release|Any CPU
		{6B301FA0-838B-4820-8468-947B4A565B01}.Release|Any CPU.Build.0 = Release|Any CPU
		{18DCA8E4-C685-4A4A-916F-13069DB79907}.Debug|Any CPU.ActiveCfg = Debug|Any CPU
		{18DCA8E4-C685-4A4A-916F-13069DB79907}.Debug|Any CPU.Build.0 = Debug|Any CPU
		{18DCA8E4-C685-4A4A-916F-13069DB79907}.Release|Any CPU.ActiveCfg = Release|Any CPU
		{18DCA8E4-C685-4A4A-916F-13069DB79907}.Release|Any CPU.Build.0 = Release|Any CPU
		{0F61BCB3-66E9-4242-B1AA-DE85193F1AF7}.Debug|Any CPU.ActiveCfg = Debug|Any CPU
		{0F61BCB3-66E9-4242-B1AA-DE85193F1AF7}.Debug|Any CPU.Build.0 = Debug|Any CPU
		{0F61BCB3-66E9-4242-B1AA-DE85193F1AF7}.Release|Any CPU.ActiveCfg = Release|Any CPU
		{0F61BCB3-66E9-4242-B1AA-DE85193F1AF7}.Release|Any CPU.Build.0 = Release|Any CPU
		{B333FE00-9413-4F56-8546-A5CF2465BEF5}.Debug|Any CPU.ActiveCfg = Debug|Any CPU
		{B333FE00-9413-4F56-8546-A5CF2465BEF5}.Debug|Any CPU.Build.0 = Debug|Any CPU
		{B333FE00-9413-4F56-8546-A5CF2465BEF5}.Release|Any CPU.ActiveCfg = Release|Any CPU
		{B333FE00-9413-4F56-8546-A5CF2465BEF5}.Release|Any CPU.Build.0 = Release|Any CPU
		{7B97DEE9-4006-446B-9564-A6725A943622}.Debug|Any CPU.ActiveCfg = Debug|Any CPU
		{7B97DEE9-4006-446B-9564-A6725A943622}.Debug|Any CPU.Build.0 = Debug|Any CPU
		{7B97DEE9-4006-446B-9564-A6725A943622}.Release|Any CPU.ActiveCfg = Release|Any CPU
		{7B97DEE9-4006-446B-9564-A6725A943622}.Release|Any CPU.Build.0 = Release|Any CPU
		{82A37D50-1B06-4D70-89F5-BE7E8BE7E21D}.Debug|Any CPU.ActiveCfg = Debug|Any CPU
		{82A37D50-1B06-4D70-89F5-BE7E8BE7E21D}.Debug|Any CPU.Build.0 = Debug|Any CPU
		{82A37D50-1B06-4D70-89F5-BE7E8BE7E21D}.Release|Any CPU.ActiveCfg = Release|Any CPU
		{82A37D50-1B06-4D70-89F5-BE7E8BE7E21D}.Release|Any CPU.Build.0 = Release|Any CPU
		{9FB10452-370A-40D2-9E6B-B3372797C663}.Debug|Any CPU.ActiveCfg = Debug|Any CPU
		{9FB10452-370A-40D2-9E6B-B3372797C663}.Debug|Any CPU.Build.0 = Debug|Any CPU
		{9FB10452-370A-40D2-9E6B-B3372797C663}.Release|Any CPU.ActiveCfg = Release|Any CPU
		{9FB10452-370A-40D2-9E6B-B3372797C663}.Release|Any CPU.Build.0 = Release|Any CPU
		{E79E7D5E-4B96-4406-972D-A73F3E0FF113}.Debug|Any CPU.ActiveCfg = Debug|Any CPU
		{E79E7D5E-4B96-4406-972D-A73F3E0FF113}.Debug|Any CPU.Build.0 = Debug|Any CPU
		{E79E7D5E-4B96-4406-972D-A73F3E0FF113}.Release|Any CPU.ActiveCfg = Release|Any CPU
		{E79E7D5E-4B96-4406-972D-A73F3E0FF113}.Release|Any CPU.Build.0 = Release|Any CPU
		{26874F6E-F0AB-4EC6-AB2C-38A29A8FEADC}.Debug|Any CPU.ActiveCfg = Debug|Any CPU
		{26874F6E-F0AB-4EC6-AB2C-38A29A8FEADC}.Debug|Any CPU.Build.0 = Debug|Any CPU
		{26874F6E-F0AB-4EC6-AB2C-38A29A8FEADC}.Release|Any CPU.ActiveCfg = Release|Any CPU
		{26874F6E-F0AB-4EC6-AB2C-38A29A8FEADC}.Release|Any CPU.Build.0 = Release|Any CPU
		{72F8A6A2-2956-4B3B-B499-A85794565B17}.Debug|Any CPU.ActiveCfg = Debug|Any CPU
		{72F8A6A2-2956-4B3B-B499-A85794565B17}.Debug|Any CPU.Build.0 = Debug|Any CPU
		{72F8A6A2-2956-4B3B-B499-A85794565B17}.Release|Any CPU.ActiveCfg = Release|Any CPU
		{72F8A6A2-2956-4B3B-B499-A85794565B17}.Release|Any CPU.Build.0 = Release|Any CPU
		{DFF6B3BE-97EA-48AA-8EA2-B29A154AF576}.Debug|Any CPU.ActiveCfg = Debug|Any CPU
		{DFF6B3BE-97EA-48AA-8EA2-B29A154AF576}.Debug|Any CPU.Build.0 = Debug|Any CPU
		{DFF6B3BE-97EA-48AA-8EA2-B29A154AF576}.Release|Any CPU.ActiveCfg = Release|Any CPU
		{DFF6B3BE-97EA-48AA-8EA2-B29A154AF576}.Release|Any CPU.Build.0 = Release|Any CPU
	EndGlobalSection
	GlobalSection(SolutionProperties) = preSolution
		HideSolutionNode = FALSE
	EndGlobalSection
	GlobalSection(NestedProjects) = preSolution
		{79044D11-842C-43E2-B204-2FC7C7C97ECD} = {31AB487C-AD4C-4729-9CC9-945EFCABEDB0}
		{C6834668-3563-48BF-9793-7C550D86DF8A} = {79044D11-842C-43E2-B204-2FC7C7C97ECD}
		{B69F1963-DEBE-4844-AAEA-42EF64625C04} = {31AB487C-AD4C-4729-9CC9-945EFCABEDB0}
		{C0667794-7DEA-48B8-B382-2F1934A59C7D} = {31AB487C-AD4C-4729-9CC9-945EFCABEDB0}
		{7EC371B4-1A9D-4449-9269-C063758E640E} = {31AB487C-AD4C-4729-9CC9-945EFCABEDB0}
		{2F5BD86C-01E4-40C5-AE8B-9CA4DD0109C5} = {31AB487C-AD4C-4729-9CC9-945EFCABEDB0}
		{552DDCC8-B636-40DE-8146-2C05B17335D7} = {31AB487C-AD4C-4729-9CC9-945EFCABEDB0}
		{FF85353B-E52D-4228-A13F-0183834EB0B5} = {B69F1963-DEBE-4844-AAEA-42EF64625C04}
		{CECCDD71-730D-41B0-B0F0-2CA4CA80AFFA} = {C0667794-7DEA-48B8-B382-2F1934A59C7D}
		{6A053721-03A2-444C-B1C8-46E0AE230F26} = {7EC371B4-1A9D-4449-9269-C063758E640E}
		{283D6AC4-BC0E-4988-AC91-FAE9D0A53454} = {2F5BD86C-01E4-40C5-AE8B-9CA4DD0109C5}
		{A5E04F40-76AC-4E18-B3ED-D614BADB5F5E} = {552DDCC8-B636-40DE-8146-2C05B17335D7}
		{041E006F-4C1A-414D-B75D-505C4E9C867F} = {31AB487C-AD4C-4729-9CC9-945EFCABEDB0}
		{3C4088B1-9E6B-4D00-ABFC-54DD26627B61} = {B426DB27-0DCD-4040-AD8F-DD59F4F4AF10}
		{475FB130-100F-40EE-9040-F66919C69374} = {31AB487C-AD4C-4729-9CC9-945EFCABEDB0}
		{5CD430C8-7662-4C5E-B02F-43045F921B75} = {475FB130-100F-40EE-9040-F66919C69374}
		{D638334A-B3EC-415B-AFDD-6BA1E5873A0C} = {475FB130-100F-40EE-9040-F66919C69374}
		{6B301FA0-838B-4820-8468-947B4A565B01} = {041E006F-4C1A-414D-B75D-505C4E9C867F}
		{18DCA8E4-C685-4A4A-916F-13069DB79907} = {475FB130-100F-40EE-9040-F66919C69374}
		{D2DD6BA4-8A06-47DC-B89F-8774E40DE1AE} = {DD974675-3A48-4048-8E54-1CDE91CA60C8}
		{0F61BCB3-66E9-4242-B1AA-DE85193F1AF7} = {D2DD6BA4-8A06-47DC-B89F-8774E40DE1AE}
		{931ECA61-E5AC-42D7-912E-83EFBAE129C8} = {31AB487C-AD4C-4729-9CC9-945EFCABEDB0}
		{B333FE00-9413-4F56-8546-A5CF2465BEF5} = {931ECA61-E5AC-42D7-912E-83EFBAE129C8}
		{7B97DEE9-4006-446B-9564-A6725A943622} = {79044D11-842C-43E2-B204-2FC7C7C97ECD}
		{82A37D50-1B06-4D70-89F5-BE7E8BE7E21D} = {F2D16A2F-B68C-4811-A2F5-63140AACF9E7}
		{9FB10452-370A-40D2-9E6B-B3372797C663} = {F2D16A2F-B68C-4811-A2F5-63140AACF9E7}
		{E79E7D5E-4B96-4406-972D-A73F3E0FF113} = {F2D16A2F-B68C-4811-A2F5-63140AACF9E7}
		{49F2AB76-8169-4758-BD7C-D044C458DF4F} = {31AB487C-AD4C-4729-9CC9-945EFCABEDB0}
		{26874F6E-F0AB-4EC6-AB2C-38A29A8FEADC} = {49F2AB76-8169-4758-BD7C-D044C458DF4F}
		{72F8A6A2-2956-4B3B-B499-A85794565B17} = {79044D11-842C-43E2-B204-2FC7C7C97ECD}
		{DFF6B3BE-97EA-48AA-8EA2-B29A154AF576} = {D2DD6BA4-8A06-47DC-B89F-8774E40DE1AE}
	EndGlobalSection
	GlobalSection(ExtensibilityGlobals) = postSolution
		SolutionGuid = {D9C716AC-59BB-4F94-9335-6CD3C57888BF}
	EndGlobalSection
EndGlobal
